
Microsoft Visual Studio Solution File, Format Version 12.00
# Visual Studio Version 16
VisualStudioVersion = 16.0.808.5
MinimumVisualStudioVersion = 10.0.40219.1
Project("{FAE04EC0-301F-11D3-BF4B-00C04F79EFBC}") = "WallOfNotes", "WallOfNotes\WallOfNotes.csproj", "{F99982E2-965C-4E03-BED1-B9FA309529FF}"
EndProject
Global
	GlobalSection(SolutionConfigurationPlatforms) = preSolution
		Debug|Any CPU = Debug|Any CPU
		Release|Any CPU = Release|Any CPU
	EndGlobalSection
	GlobalSection(ProjectConfigurationPlatforms) = postSolution
		{F99982E2-965C-4E03-BED1-B9FA309529FF}.Debug|Any CPU.ActiveCfg = Debug|Any CPU
		{F99982E2-965C-4E03-BED1-B9FA309529FF}.Debug|Any CPU.Build.0 = Debug|Any CPU
		{F99982E2-965C-4E03-BED1-B9FA309529FF}.Release|Any CPU.ActiveCfg = Release|Any CPU
		{F99982E2-965C-4E03-BED1-B9FA309529FF}.Release|Any CPU.Build.0 = Release|Any CPU
	EndGlobalSection
	GlobalSection(SolutionProperties) = preSolution
		HideSolutionNode = FALSE
	EndGlobalSection
	GlobalSection(ExtensibilityGlobals) = postSolution
		SolutionGuid = {10635A50-BE24-4B41-B821-D38F8EB85B22}
	EndGlobalSection
	GlobalSection(MonoDevelopProperties) = preSolution
		Policies = $0
		$0.VersionControlPolicy = $1
	EndGlobalSection
EndGlobal
